
Microsoft Visual Studio Solution File, Format Version 12.00
# Visual Studio Version 17
VisualStudioVersion = 17.7.34202.233
MinimumVisualStudioVersion = 10.0.40219.1
Project("{FAE04EC0-301F-11D3-BF4B-00C04F79EFBC}") = "ReviewApp", "ReviewApp\ReviewApp.csproj", "{2C3A561B-4004-41FF-9EFA-0A57031C9F2D}"
EndProject
Global
	GlobalSection(SolutionConfigurationPlatforms) = preSolution
		Debug|Any CPU = Debug|Any CPU
		Release|Any CPU = Release|Any CPU
	EndGlobalSection
	GlobalSection(ProjectConfigurationPlatforms) = postSolution
		{2C3A561B-4004-41FF-9EFA-0A57031C9F2D}.Debug|Any CPU.ActiveCfg = Debug|Any CPU
		{2C3A561B-4004-41FF-9EFA-0A57031C9F2D}.Debug|Any CPU.Build.0 = Debug|Any CPU
		{2C3A561B-4004-41FF-9EFA-0A57031C9F2D}.Release|Any CPU.ActiveCfg = Release|Any CPU
		{2C3A561B-4004-41FF-9EFA-0A57031C9F2D}.Release|Any CPU.Build.0 = Release|Any CPU
	EndGlobalSection
	GlobalSection(SolutionProperties) = preSolution
		HideSolutionNode = FALSE
	EndGlobalSection
	GlobalSection(ExtensibilityGlobals) = postSolution
		SolutionGuid = {8D2DEC0F-21C7-4923-896F-F90B93CE58B8}
	EndGlobalSection
EndGlobal
